
Microsoft Visual Studio Solution File, Format Version 12.00
# Visual Studio Version 16
VisualStudioVersion = 16.0.34114.132
MinimumVisualStudioVersion = 10.0.40219.1
Project("{2150E333-8FDC-42A3-9474-1A3956D46DE8}") = "Task0", "Task0", "{C488F216-152E-4769-884E-F5D9C04915E3}"
EndProject
Project("{FAE04EC0-301F-11D3-BF4B-00C04F79EFBC}") = "Tyuiu.LoginovMV.Sprint4.Task0.V21", "Tyuiu.LoginovMV.Sprint4.Task0.V21\Tyuiu.LoginovMV.Sprint4.Task0.V21.csproj", "{329F7A4D-3D81-4282-AA78-86195B584D93}"
EndProject
Project("{FAE04EC0-301F-11D3-BF4B-00C04F79EFBC}") = "Tyuiu.LoginovMV.Sprint4.Task0.V21.Lib", "Tyuiu.LoginovMV.Sprint4.Task0.V21.Lib\Tyuiu.LoginovMV.Sprint4.Task0.V21.Lib.csproj", "{643A8895-9F83-4336-BA85-91374839E3C5}"
EndProject
Project("{FAE04EC0-301F-11D3-BF4B-00C04F79EFBC}") = "Tyuiu.LoginovMV.Sprint4.Task0.V21.Test", "Tyuiu.LoginovMV.Sprint4.Task0.V21.Test\Tyuiu.LoginovMV.Sprint4.Task0.V21.Test.csproj", "{A2C3E4A7-9D23-4FFB-810E-D303FA025F46}"
EndProject
Project("{2150E333-8FDC-42A3-9474-1A3956D46DE8}") = "Task1", "Task1", "{8A9E8D1B-278F-4819-BACB-E7F404CE9D65}"
EndProject
Project("{FAE04EC0-301F-11D3-BF4B-00C04F79EFBC}") = "Tyuiu.LoginovMV.Sprint4.Task1.V7", "Tyuiu.LoginovMV.Sprint4.Task1.V7\Tyuiu.LoginovMV.Sprint4.Task1.V7.csproj", "{261E7C4C-21F4-4D3A-BB42-0B8180841919}"
EndProject
Project("{FAE04EC0-301F-11D3-BF4B-00C04F79EFBC}") = "Tyuiu.LoginovMV.Sprint4.Task1.V7.Lib", "Tyuiu.LoginovMV.Sprint4.Task1.V7.Lib\Tyuiu.LoginovMV.Sprint4.Task1.V7.Lib.csproj", "{43C7C4AC-2E56-463C-A92A-04B033B62B41}"
EndProject
Project("{FAE04EC0-301F-11D3-BF4B-00C04F79EFBC}") = "Tyuiu.LoginovMV.Sprint4.Task1.V7.Test", "Tyuiu.LoginovMV.Sprint4.Task1.V7.Test\Tyuiu.LoginovMV.Sprint4.Task1.V7.Test.csproj", "{EC602E38-8462-4482-9B2C-3CD1A95127CA}"
EndProject
Project("{2150E333-8FDC-42A3-9474-1A3956D46DE8}") = "Task2", "Task2", "{A4A5E1EC-8AE6-4B1D-A356-347F1A39BAF1}"
EndProject
Project("{FAE04EC0-301F-11D3-BF4B-00C04F79EFBC}") = "Tyuiu.LoginovMV.Sprint4.Task2.V28", "Tyuiu.LoginovMV.Sprint4.Task2.V28\Tyuiu.LoginovMV.Sprint4.Task2.V28.csproj", "{942486F6-836C-43D9-8038-8B82664A932B}"
EndProject
Project("{FAE04EC0-301F-11D3-BF4B-00C04F79EFBC}") = "Tyuiu.LoginovMV.Sprint4.Task2.V28.Lib", "Tyuiu.LoginovMV.Sprint4.Task2.V28.Lib\Tyuiu.LoginovMV.Sprint4.Task2.V28.Lib.csproj", "{FF63F964-EA40-4BFA-94B1-964A83DEB75A}"
EndProject
Project("{FAE04EC0-301F-11D3-BF4B-00C04F79EFBC}") = "Tyuiu.LoginovMV.Sprint4.Task2.V28.Test", "Tyuiu.LoginovMV.Sprint4.Task2.V28.Test\Tyuiu.LoginovMV.Sprint4.Task2.V28.Test.csproj", "{15AA00CF-A940-4AEC-AA69-1B28DABBA52B}"
EndProject
Project("{2150E333-8FDC-42A3-9474-1A3956D46DE8}") = "Task3", "Task3", "{91C77856-D4F3-4C10-AE8F-1F38FD9510EB}"
EndProject
Project("{FAE04EC0-301F-11D3-BF4B-00C04F79EFBC}") = "Tyuiu.LoginovMV.Sprint4.Task3.V10", "Tyuiu.LoginovMV.Sprint4.Task3.V10\Tyuiu.LoginovMV.Sprint4.Task3.V10.csproj", "{5436ECD9-2396-4CE9-BDA8-F849D0488703}"
EndProject
Project("{FAE04EC0-301F-11D3-BF4B-00C04F79EFBC}") = "Tyuiu.LoginovMV.Sprint4.Task3.V10.Lib", "Tyuiu.LoginovMV.Sprint4.Task3.V10.Lib\Tyuiu.LoginovMV.Sprint4.Task3.V10.Lib.csproj", "{79AAB162-A093-4C13-8C75-CEAF0ECA2AB0}"
EndProject
Project("{FAE04EC0-301F-11D3-BF4B-00C04F79EFBC}") = "Tyuiu.LoginovMV.Sprint4.Task3.V10.Test", "Tyuiu.LoginovMV.Sprint4.Task3.V10.Test\Tyuiu.LoginovMV.Sprint4.Task3.V10.Test.csproj", "{B802891A-E85D-402F-A83B-FCDDEF78FED2}"
EndProject
Project("{2150E333-8FDC-42A3-9474-1A3956D46DE8}") = "Task4", "Task4", "{4072188A-4856-4C91-8C17-531794FE6006}"
EndProject
Project("{FAE04EC0-301F-11D3-BF4B-00C04F79EFBC}") = "Tyuiu.LoginovMV.Sprint4.Task4.V11", "Tyuiu.LoginovMV.Sprint4.Task4.V11\Tyuiu.LoginovMV.Sprint4.Task4.V11.csproj", "{A46F5A61-147C-4000-AB8D-F2957F371FE7}"
EndProject
Project("{FAE04EC0-301F-11D3-BF4B-00C04F79EFBC}") = "Tyuiu.LoginovMV.Sprint4.Task4.V11.Lib", "Tyuiu.LoginovMV.Sprint4.Task4.V11.Lib\Tyuiu.LoginovMV.Sprint4.Task4.V11.Lib.csproj", "{C53FCDC9-68EE-40E2-B066-4A2790849910}"
EndProject
Project("{FAE04EC0-301F-11D3-BF4B-00C04F79EFBC}") = "Tyuiu.LoginovMV.Sprint4.Task4.V11.Test", "Tyuiu.LoginovMV.Sprint4.Task4.V11.Test\Tyuiu.LoginovMV.Sprint4.Task4.V11.Test.csproj", "{6BA268A8-1274-4D41-9F3B-6A57E2B9529E}"
EndProject
Project("{2150E333-8FDC-42A3-9474-1A3956D46DE8}") = "Task5", "Task5", "{E689A474-2230-4CC8-B206-22324DA6C214}"
EndProject
Project("{FAE04EC0-301F-11D3-BF4B-00C04F79EFBC}") = "Tyuiu.LoginovMV.Sprint4.Task5.V13", "Tyuiu.LoginovMV.Sprint4.Task5.V13\Tyuiu.LoginovMV.Sprint4.Task5.V13.csproj", "{0D451B9C-24BA-45A9-878A-AED0808FEAFD}"
EndProject
Project("{FAE04EC0-301F-11D3-BF4B-00C04F79EFBC}") = "Tyuiu.LoginovMV.Sprint4.Task5.V13.Lib", "Tyuiu.LoginovMV.Sprint4.Task5.V13.Lib\Tyuiu.LoginovMV.Sprint4.Task5.V13.Lib.csproj", "{3ACC9BDB-E910-4971-A59E-0B6BA62DBB1B}"
EndProject
Project("{FAE04EC0-301F-11D3-BF4B-00C04F79EFBC}") = "Tyuiu.LoginovMV.Sprint4.Task5.V13.Test", "Tyuiu.LoginovMV.Sprint4.Task5.V13.Test\Tyuiu.LoginovMV.Sprint4.Task5.V13.Test.csproj", "{D02B9A28-876C-4B69-9510-4DD6A74760A7}"
EndProject
Project("{2150E333-8FDC-42A3-9474-1A3956D46DE8}") = "Task6", "Task6", "{D5C51B23-EE85-4F1E-A753-DA622C9F3EF2}"
EndProject
Project("{FAE04EC0-301F-11D3-BF4B-00C04F79EFBC}") = "Tyuiu.LoginovMV.Sprint4.Task6.V9", "Tyuiu.LoginovMV.Sprint4.Task6.V9\Tyuiu.LoginovMV.Sprint4.Task6.V9.csproj", "{41C02D23-B369-441B-B800-52367BDD54B3}"
EndProject
Project("{FAE04EC0-301F-11D3-BF4B-00C04F79EFBC}") = "Tyuiu.LoginovMV.Sprint4.Task6.V9.Lib", "Tyuiu.LoginovMV.Sprint4.Task6.V9.Lib\Tyuiu.LoginovMV.Sprint4.Task6.V9.Lib.csproj", "{0BA56B85-2BC4-4B67-8BE4-06E8118FBF02}"
EndProject
Project("{FAE04EC0-301F-11D3-BF4B-00C04F79EFBC}") = "Tyuiu.LoginovMV.Sprint4.Task6.V9.Test", "Tyuiu.LoginovMV.Sprint4.Task6.V9.Test\Tyuiu.LoginovMV.Sprint4.Task6.V9.Test.csproj", "{E54FF7FC-37FD-429C-9F6E-DC8D68957873}"
EndProject
Project("{2150E333-8FDC-42A3-9474-1A3956D46DE8}") = "Task7", "Task7", "{396A2D52-FA11-4FB0-8ABE-F49AD444CE66}"
EndProject
Project("{FAE04EC0-301F-11D3-BF4B-00C04F79EFBC}") = "Tyuiu.LoginovMV.Sprint4.Task7.V8", "Tyuiu.LoginovMV.Sprint4.Task7.V8\Tyuiu.LoginovMV.Sprint4.Task7.V8.csproj", "{8416FE58-769E-4E72-BCBA-80063B2C375F}"
EndProject
Project("{FAE04EC0-301F-11D3-BF4B-00C04F79EFBC}") = "Tyuiu.LoginovMV.Sprint4.Task7.V8.Lib", "Tyuiu.LoginovMV.Sprint4.Task7.V8.Lib\Tyuiu.LoginovMV.Sprint4.Task7.V8.Lib.csproj", "{62202890-FB21-446C-A16A-33AE93A2D5F4}"
EndProject
Project("{FAE04EC0-301F-11D3-BF4B-00C04F79EFBC}") = "Tyuiu.LoginovMV.Sprint4.Task7.V8.Test", "Tyuiu.LoginovMV.Sprint4.Task7.V8.Test\Tyuiu.LoginovMV.Sprint4.Task7.V8.Test.csproj", "{B7F623A4-FD8E-45DE-82A5-6A492E4150F6}"
EndProject
Global
	GlobalSection(SolutionConfigurationPlatforms) = preSolution
		Debug|Any CPU = Debug|Any CPU
		Release|Any CPU = Release|Any CPU
	EndGlobalSection
	GlobalSection(ProjectConfigurationPlatforms) = postSolution
		{329F7A4D-3D81-4282-AA78-86195B584D93}.Debug|Any CPU.ActiveCfg = Debug|Any CPU
		{329F7A4D-3D81-4282-AA78-86195B584D93}.Debug|Any CPU.Build.0 = Debug|Any CPU
		{329F7A4D-3D81-4282-AA78-86195B584D93}.Release|Any CPU.ActiveCfg = Release|Any CPU
		{329F7A4D-3D81-4282-AA78-86195B584D93}.Release|Any CPU.Build.0 = Release|Any CPU
		{643A8895-9F83-4336-BA85-91374839E3C5}.Debug|Any CPU.ActiveCfg = Debug|Any CPU
		{643A8895-9F83-4336-BA85-91374839E3C5}.Debug|Any CPU.Build.0 = Debug|Any CPU
		{643A8895-9F83-4336-BA85-91374839E3C5}.Release|Any CPU.ActiveCfg = Release|Any CPU
		{643A8895-9F83-4336-BA85-91374839E3C5}.Release|Any CPU.Build.0 = Release|Any CPU
		{A2C3E4A7-9D23-4FFB-810E-D303FA025F46}.Debug|Any CPU.ActiveCfg = Debug|Any CPU
		{A2C3E4A7-9D23-4FFB-810E-D303FA025F46}.Debug|Any CPU.Build.0 = Debug|Any CPU
		{A2C3E4A7-9D23-4FFB-810E-D303FA025F46}.Release|Any CPU.ActiveCfg = Release|Any CPU
		{A2C3E4A7-9D23-4FFB-810E-D303FA025F46}.Release|Any CPU.Build.0 = Release|Any CPU
		{261E7C4C-21F4-4D3A-BB42-0B8180841919}.Debug|Any CPU.ActiveCfg = Debug|Any CPU
		{261E7C4C-21F4-4D3A-BB42-0B8180841919}.Debug|Any CPU.Build.0 = Debug|Any CPU
		{261E7C4C-21F4-4D3A-BB42-0B8180841919}.Release|Any CPU.ActiveCfg = Release|Any CPU
		{261E7C4C-21F4-4D3A-BB42-0B8180841919}.Release|Any CPU.Build.0 = Release|Any CPU
		{43C7C4AC-2E56-463C-A92A-04B033B62B41}.Debug|Any CPU.ActiveCfg = Debug|Any CPU
		{43C7C4AC-2E56-463C-A92A-04B033B62B41}.Debug|Any CPU.Build.0 = Debug|Any CPU
		{43C7C4AC-2E56-463C-A92A-04B033B62B41}.Release|Any CPU.ActiveCfg = Release|Any CPU
		{43C7C4AC-2E56-463C-A92A-04B033B62B41}.Release|Any CPU.Build.0 = Release|Any CPU
		{EC602E38-8462-4482-9B2C-3CD1A95127CA}.Debug|Any CPU.ActiveCfg = Debug|Any CPU
		{EC602E38-8462-4482-9B2C-3CD1A95127CA}.Debug|Any CPU.Build.0 = Debug|Any CPU
		{EC602E38-8462-4482-9B2C-3CD1A95127CA}.Release|Any CPU.ActiveCfg = Release|Any CPU
		{EC602E38-8462-4482-9B2C-3CD1A95127CA}.Release|Any CPU.Build.0 = Release|Any CPU
		{942486F6-836C-43D9-8038-8B82664A932B}.Debug|Any CPU.ActiveCfg = Debug|Any CPU
		{942486F6-836C-43D9-8038-8B82664A932B}.Debug|Any CPU.Build.0 = Debug|Any CPU
		{942486F6-836C-43D9-8038-8B82664A932B}.Release|Any CPU.ActiveCfg = Release|Any CPU
		{942486F6-836C-43D9-8038-8B82664A932B}.Release|Any CPU.Build.0 = Release|Any CPU
		{FF63F964-EA40-4BFA-94B1-964A83DEB75A}.Debug|Any CPU.ActiveCfg = Debug|Any CPU
		{FF63F964-EA40-4BFA-94B1-964A83DEB75A}.Debug|Any CPU.Build.0 = Debug|Any CPU
		{FF63F964-EA40-4BFA-94B1-964A83DEB75A}.Release|Any CPU.ActiveCfg = Release|Any CPU
		{FF63F964-EA40-4BFA-94B1-964A83DEB75A}.Release|Any CPU.Build.0 = Release|Any CPU
		{15AA00CF-A940-4AEC-AA69-1B28DABBA52B}.Debug|Any CPU.ActiveCfg = Debug|Any CPU
		{15AA00CF-A940-4AEC-AA69-1B28DABBA52B}.Debug|Any CPU.Build.0 = Debug|Any CPU
		{15AA00CF-A940-4AEC-AA69-1B28DABBA52B}.Release|Any CPU.ActiveCfg = Release|Any CPU
		{15AA00CF-A940-4AEC-AA69-1B28DABBA52B}.Release|Any CPU.Build.0 = Release|Any CPU
		{5436ECD9-2396-4CE9-BDA8-F849D0488703}.Debug|Any CPU.ActiveCfg = Debug|Any CPU
		{5436ECD9-2396-4CE9-BDA8-F849D0488703}.Debug|Any CPU.Build.0 = Debug|Any CPU
		{5436ECD9-2396-4CE9-BDA8-F849D0488703}.Release|Any CPU.ActiveCfg = Release|Any CPU
		{5436ECD9-2396-4CE9-BDA8-F849D0488703}.Release|Any CPU.Build.0 = Release|Any CPU
		{79AAB162-A093-4C13-8C75-CEAF0ECA2AB0}.Debug|Any CPU.ActiveCfg = Debug|Any CPU
		{79AAB162-A093-4C13-8C75-CEAF0ECA2AB0}.Debug|Any CPU.Build.0 = Debug|Any CPU
		{79AAB162-A093-4C13-8C75-CEAF0ECA2AB0}.Release|Any CPU.ActiveCfg = Release|Any CPU
		{79AAB162-A093-4C13-8C75-CEAF0ECA2AB0}.Release|Any CPU.Build.0 = Release|Any CPU
		{B802891A-E85D-402F-A83B-FCDDEF78FED2}.Debug|Any CPU.ActiveCfg = Debug|Any CPU
		{B802891A-E85D-402F-A83B-FCDDEF78FED2}.Debug|Any CPU.Build.0 = Debug|Any CPU
		{B802891A-E85D-402F-A83B-FCDDEF78FED2}.Release|Any CPU.ActiveCfg = Release|Any CPU
		{B802891A-E85D-402F-A83B-FCDDEF78FED2}.Release|Any CPU.Build.0 = Release|Any CPU
		{A46F5A61-147C-4000-AB8D-F2957F371FE7}.Debug|Any CPU.ActiveCfg = Debug|Any CPU
		{A46F5A61-147C-4000-AB8D-F2957F371FE7}.Debug|Any CPU.Build.0 = Debug|Any CPU
		{A46F5A61-147C-4000-AB8D-F2957F371FE7}.Release|Any CPU.ActiveCfg = Release|Any CPU
		{A46F5A61-147C-4000-AB8D-F2957F371FE7}.Release|Any CPU.Build.0 = Release|Any CPU
		{C53FCDC9-68EE-40E2-B066-4A2790849910}.Debug|Any CPU.ActiveCfg = Debug|Any CPU
		{C53FCDC9-68EE-40E2-B066-4A2790849910}.Debug|Any CPU.Build.0 = Debug|Any CPU
		{C53FCDC9-68EE-40E2-B066-4A2790849910}.Release|Any CPU.ActiveCfg = Release|Any CPU
		{C53FCDC9-68EE-40E2-B066-4A2790849910}.Release|Any CPU.Build.0 = Release|Any CPU
		{6BA268A8-1274-4D41-9F3B-6A57E2B9529E}.Debug|Any CPU.ActiveCfg = Debug|Any CPU
		{6BA268A8-1274-4D41-9F3B-6A57E2B9529E}.Debug|Any CPU.Build.0 = Debug|Any CPU
		{6BA268A8-1274-4D41-9F3B-6A57E2B9529E}.Release|Any CPU.ActiveCfg = Release|Any CPU
		{6BA268A8-1274-4D41-9F3B-6A57E2B9529E}.Release|Any CPU.Build.0 = Release|Any CPU
		{0D451B9C-24BA-45A9-878A-AED0808FEAFD}.Debug|Any CPU.ActiveCfg = Debug|Any CPU
		{0D451B9C-24BA-45A9-878A-AED0808FEAFD}.Debug|Any CPU.Build.0 = Debug|Any CPU
		{0D451B9C-24BA-45A9-878A-AED0808FEAFD}.Release|Any CPU.ActiveCfg = Release|Any CPU
		{0D451B9C-24BA-45A9-878A-AED0808FEAFD}.Release|Any CPU.Build.0 = Release|Any CPU
		{3ACC9BDB-E910-4971-A59E-0B6BA62DBB1B}.Debug|Any CPU.ActiveCfg = Debug|Any CPU
		{3ACC9BDB-E910-4971-A59E-0B6BA62DBB1B}.Debug|Any CPU.Build.0 = Debug|Any CPU
		{3ACC9BDB-E910-4971-A59E-0B6BA62DBB1B}.Release|Any CPU.ActiveCfg = Release|Any CPU
		{3ACC9BDB-E910-4971-A59E-0B6BA62DBB1B}.Release|Any CPU.Build.0 = Release|Any CPU
		{D02B9A28-876C-4B69-9510-4DD6A74760A7}.Debug|Any CPU.ActiveCfg = Debug|Any CPU
		{D02B9A28-876C-4B69-9510-4DD6A74760A7}.Debug|Any CPU.Build.0 = Debug|Any CPU
		{D02B9A28-876C-4B69-9510-4DD6A74760A7}.Release|Any CPU.ActiveCfg = Release|Any CPU
		{D02B9A28-876C-4B69-9510-4DD6A74760A7}.Release|Any CPU.Build.0 = Release|Any CPU
		{41C02D23-B369-441B-B800-52367BDD54B3}.Debug|Any CPU.ActiveCfg = Debug|Any CPU
		{41C02D23-B369-441B-B800-52367BDD54B3}.Debug|Any CPU.Build.0 = Debug|Any CPU
		{41C02D23-B369-441B-B800-52367BDD54B3}.Release|Any CPU.ActiveCfg = Release|Any CPU
		{41C02D23-B369-441B-B800-52367BDD54B3}.Release|Any CPU.Build.0 = Release|Any CPU
		{0BA56B85-2BC4-4B67-8BE4-06E8118FBF02}.Debug|Any CPU.ActiveCfg = Debug|Any CPU
		{0BA56B85-2BC4-4B67-8BE4-06E8118FBF02}.Debug|Any CPU.Build.0 = Debug|Any CPU
		{0BA56B85-2BC4-4B67-8BE4-06E8118FBF02}.Release|Any CPU.ActiveCfg = Release|Any CPU
		{0BA56B85-2BC4-4B67-8BE4-06E8118FBF02}.Release|Any CPU.Build.0 = Release|Any CPU
		{E54FF7FC-37FD-429C-9F6E-DC8D68957873}.Debug|Any CPU.ActiveCfg = Debug|Any CPU
		{E54FF7FC-37FD-429C-9F6E-DC8D68957873}.Debug|Any CPU.Build.0 = Debug|Any CPU
		{E54FF7FC-37FD-429C-9F6E-DC8D68957873}.Release|Any CPU.ActiveCfg = Release|Any CPU
		{E54FF7FC-37FD-429C-9F6E-DC8D68957873}.Release|Any CPU.Build.0 = Release|Any CPU
		{8416FE58-769E-4E72-BCBA-80063B2C375F}.Debug|Any CPU.ActiveCfg = Debug|Any CPU
		{8416FE58-769E-4E72-BCBA-80063B2C375F}.Debug|Any CPU.Build.0 = Debug|Any CPU
		{8416FE58-769E-4E72-BCBA-80063B2C375F}.Release|Any CPU.ActiveCfg = Release|Any CPU
		{8416FE58-769E-4E72-BCBA-80063B2C375F}.Release|Any CPU.Build.0 = Release|Any CPU
		{62202890-FB21-446C-A16A-33AE93A2D5F4}.Debug|Any CPU.ActiveCfg = Debug|Any CPU
		{62202890-FB21-446C-A16A-33AE93A2D5F4}.Debug|Any CPU.Build.0 = Debug|Any CPU
		{62202890-FB21-446C-A16A-33AE93A2D5F4}.Release|Any CPU.ActiveCfg = Release|Any CPU
		{62202890-FB21-446C-A16A-33AE93A2D5F4}.Release|Any CPU.Build.0 = Release|Any CPU
		{B7F623A4-FD8E-45DE-82A5-6A492E4150F6}.Debug|Any CPU.ActiveCfg = Debug|Any CPU
		{B7F623A4-FD8E-45DE-82A5-6A492E4150F6}.Debug|Any CPU.Build.0 = Debug|Any CPU
		{B7F623A4-FD8E-45DE-82A5-6A492E4150F6}.Release|Any CPU.ActiveCfg = Release|Any CPU
		{B7F623A4-FD8E-45DE-82A5-6A492E4150F6}.Release|Any CPU.Build.0 = Release|Any CPU
	EndGlobalSection
	GlobalSection(SolutionProperties) = preSolution
		HideSolutionNode = FALSE
	EndGlobalSection
	GlobalSection(NestedProjects) = preSolution
		{329F7A4D-3D81-4282-AA78-86195B584D93} = {C488F216-152E-4769-884E-F5D9C04915E3}
		{643A8895-9F83-4336-BA85-91374839E3C5} = {C488F216-152E-4769-884E-F5D9C04915E3}
		{A2C3E4A7-9D23-4FFB-810E-D303FA025F46} = {C488F216-152E-4769-884E-F5D9C04915E3}
		{261E7C4C-21F4-4D3A-BB42-0B8180841919} = {8A9E8D1B-278F-4819-BACB-E7F404CE9D65}
		{43C7C4AC-2E56-463C-A92A-04B033B62B41} = {8A9E8D1B-278F-4819-BACB-E7F404CE9D65}
		{EC602E38-8462-4482-9B2C-3CD1A95127CA} = {8A9E8D1B-278F-4819-BACB-E7F404CE9D65}
		{942486F6-836C-43D9-8038-8B82664A932B} = {A4A5E1EC-8AE6-4B1D-A356-347F1A39BAF1}
		{FF63F964-EA40-4BFA-94B1-964A83DEB75A} = {A4A5E1EC-8AE6-4B1D-A356-347F1A39BAF1}
		{15AA00CF-A940-4AEC-AA69-1B28DABBA52B} = {A4A5E1EC-8AE6-4B1D-A356-347F1A39BAF1}
		{5436ECD9-2396-4CE9-BDA8-F849D0488703} = {91C77856-D4F3-4C10-AE8F-1F38FD9510EB}
		{79AAB162-A093-4C13-8C75-CEAF0ECA2AB0} = {91C77856-D4F3-4C10-AE8F-1F38FD9510EB}
		{B802891A-E85D-402F-A83B-FCDDEF78FED2} = {91C77856-D4F3-4C10-AE8F-1F38FD9510EB}
		{A46F5A61-147C-4000-AB8D-F2957F371FE7} = {4072188A-4856-4C91-8C17-531794FE6006}
		{C53FCDC9-68EE-40E2-B066-4A2790849910} = {4072188A-4856-4C91-8C17-531794FE6006}
		{6BA268A8-1274-4D41-9F3B-6A57E2B9529E} = {4072188A-4856-4C91-8C17-531794FE6006}
		{0D451B9C-24BA-45A9-878A-AED0808FEAFD} = {E689A474-2230-4CC8-B206-22324DA6C214}
		{3ACC9BDB-E910-4971-A59E-0B6BA62DBB1B} = {E689A474-2230-4CC8-B206-22324DA6C214}
		{D02B9A28-876C-4B69-9510-4DD6A74760A7} = {E689A474-2230-4CC8-B206-22324DA6C214}
		{41C02D23-B369-441B-B800-52367BDD54B3} = {D5C51B23-EE85-4F1E-A753-DA622C9F3EF2}
		{0BA56B85-2BC4-4B67-8BE4-06E8118FBF02} = {D5C51B23-EE85-4F1E-A753-DA622C9F3EF2}
		{E54FF7FC-37FD-429C-9F6E-DC8D68957873} = {D5C51B23-EE85-4F1E-A753-DA622C9F3EF2}
		{8416FE58-769E-4E72-BCBA-80063B2C375F} = {396A2D52-FA11-4FB0-8ABE-F49AD444CE66}
		{62202890-FB21-446C-A16A-33AE93A2D5F4} = {396A2D52-FA11-4FB0-8ABE-F49AD444CE66}
		{B7F623A4-FD8E-45DE-82A5-6A492E4150F6} = {396A2D52-FA11-4FB0-8ABE-F49AD444CE66}
	EndGlobalSection
	GlobalSection(ExtensibilityGlobals) = postSolution
		SolutionGuid = {85515BC8-1BF7-4BDA-A79F-36F40C4487FC}
	EndGlobalSection
EndGlobal
